
Microsoft Visual Studio Solution File, Format Version 12.00
# Visual Studio Version 17
VisualStudioVersion = 17.7.34221.43
MinimumVisualStudioVersion = 10.0.40219.1
Project("{FAE04EC0-301F-11D3-BF4B-00C04F79EFBC}") = "TA1-JL", "TA1-JL\TA1-JL.csproj", "{1FE311CD-054B-4A91-A241-795D0EA52F7D}"
EndProject
Project("{2150E333-8FDC-42A3-9474-1A3956D46DE8}") = "Presentacion", "Presentacion", "{E2311BA6-C6B7-4F75-B9FC-DBC499A952DE}"
EndProject
Project("{2150E333-8FDC-42A3-9474-1A3956D46DE8}") = "1.Data", "1.Data", "{3C23FEA0-6FDF-4727-8A65-21F8FFCF5029}"
EndProject
Project("{2150E333-8FDC-42A3-9474-1A3956D46DE8}") = "2.BL", "2.BL", "{6C3AD274-8951-4F52-8669-10A57542EB3D}"
EndProject
Project("{2150E333-8FDC-42A3-9474-1A3956D46DE8}") = "0.Entites", "0.Entites", "{3109D8B6-4D31-4A0F-9FCD-C17278964090}"
EndProject
Project("{FAE04EC0-301F-11D3-BF4B-00C04F79EFBC}") = "B-E", "B-E\B-E.csproj", "{C1902DF1-6968-4AEA-A270-1105C75998CF}"
EndProject
Project("{FAE04EC0-301F-11D3-BF4B-00C04F79EFBC}") = "B-F", "B-F\B-F.csproj", "{DCE97C47-E6CC-4D52-89A4-5F5CD32D3849}"
EndProject
Project("{FAE04EC0-301F-11D3-BF4B-00C04F79EFBC}") = "DATA", "DATA\DATA.csproj", "{48F9777A-EFA4-4825-AB33-E75C6C25C46B}"
EndProject
Project("{FAE04EC0-301F-11D3-BF4B-00C04F79EFBC}") = "BL", "BL\BL.csproj", "{44FB1822-40F4-4FA8-A8E3-6867FDA3AAC0}"
EndProject
Global
	GlobalSection(SolutionConfigurationPlatforms) = preSolution
		Debug|Any CPU = Debug|Any CPU
		Release|Any CPU = Release|Any CPU
	EndGlobalSection
	GlobalSection(ProjectConfigurationPlatforms) = postSolution
		{1FE311CD-054B-4A91-A241-795D0EA52F7D}.Debug|Any CPU.ActiveCfg = Debug|Any CPU
		{1FE311CD-054B-4A91-A241-795D0EA52F7D}.Debug|Any CPU.Build.0 = Debug|Any CPU
		{1FE311CD-054B-4A91-A241-795D0EA52F7D}.Release|Any CPU.ActiveCfg = Release|Any CPU
		{1FE311CD-054B-4A91-A241-795D0EA52F7D}.Release|Any CPU.Build.0 = Release|Any CPU
		{C1902DF1-6968-4AEA-A270-1105C75998CF}.Debug|Any CPU.ActiveCfg = Debug|Any CPU
		{C1902DF1-6968-4AEA-A270-1105C75998CF}.Debug|Any CPU.Build.0 = Debug|Any CPU
		{C1902DF1-6968-4AEA-A270-1105C75998CF}.Release|Any CPU.ActiveCfg = Release|Any CPU
		{C1902DF1-6968-4AEA-A270-1105C75998CF}.Release|Any CPU.Build.0 = Release|Any CPU
		{DCE97C47-E6CC-4D52-89A4-5F5CD32D3849}.Debug|Any CPU.ActiveCfg = Debug|Any CPU
		{DCE97C47-E6CC-4D52-89A4-5F5CD32D3849}.Debug|Any CPU.Build.0 = Debug|Any CPU
		{DCE97C47-E6CC-4D52-89A4-5F5CD32D3849}.Release|Any CPU.ActiveCfg = Release|Any CPU
		{DCE97C47-E6CC-4D52-89A4-5F5CD32D3849}.Release|Any CPU.Build.0 = Release|Any CPU
		{48F9777A-EFA4-4825-AB33-E75C6C25C46B}.Debug|Any CPU.ActiveCfg = Debug|Any CPU
		{48F9777A-EFA4-4825-AB33-E75C6C25C46B}.Debug|Any CPU.Build.0 = Debug|Any CPU
		{48F9777A-EFA4-4825-AB33-E75C6C25C46B}.Release|Any CPU.ActiveCfg = Release|Any CPU
		{48F9777A-EFA4-4825-AB33-E75C6C25C46B}.Release|Any CPU.Build.0 = Release|Any CPU
		{44FB1822-40F4-4FA8-A8E3-6867FDA3AAC0}.Debug|Any CPU.ActiveCfg = Debug|Any CPU
		{44FB1822-40F4-4FA8-A8E3-6867FDA3AAC0}.Debug|Any CPU.Build.0 = Debug|Any CPU
		{44FB1822-40F4-4FA8-A8E3-6867FDA3AAC0}.Release|Any CPU.ActiveCfg = Release|Any CPU
		{44FB1822-40F4-4FA8-A8E3-6867FDA3AAC0}.Release|Any CPU.Build.0 = Release|Any CPU
	EndGlobalSection
	GlobalSection(SolutionProperties) = preSolution
		HideSolutionNode = FALSE
	EndGlobalSection
	GlobalSection(NestedProjects) = preSolution
		{1FE311CD-054B-4A91-A241-795D0EA52F7D} = {E2311BA6-C6B7-4F75-B9FC-DBC499A952DE}
		{C1902DF1-6968-4AEA-A270-1105C75998CF} = {3109D8B6-4D31-4A0F-9FCD-C17278964090}
		{DCE97C47-E6CC-4D52-89A4-5F5CD32D3849} = {3109D8B6-4D31-4A0F-9FCD-C17278964090}
		{48F9777A-EFA4-4825-AB33-E75C6C25C46B} = {3C23FEA0-6FDF-4727-8A65-21F8FFCF5029}
		{44FB1822-40F4-4FA8-A8E3-6867FDA3AAC0} = {6C3AD274-8951-4F52-8669-10A57542EB3D}
	EndGlobalSection
	GlobalSection(ExtensibilityGlobals) = postSolution
		SolutionGuid = {D3D97837-8721-47EF-864C-7D02BCA640AC}
	EndGlobalSection
EndGlobal
